
Microsoft Visual Studio Solution File, Format Version 12.00
# Visual Studio Version 16
VisualStudioVersion = 16.0.29609.76
MinimumVisualStudioVersion = 10.0.40219.1
Project("{FAE04EC0-301F-11D3-BF4B-00C04F79EFBC}") = "Vavatech.Abc.Domain", "Vavatech.Abc.Models\Vavatech.Abc.Domain.csproj", "{850CD0AF-6ABD-4151-8F39-5F63026A6D8A}"
EndProject
Project("{FAE04EC0-301F-11D3-BF4B-00C04F79EFBC}") = "Vavatech.Abc.Infrastructure", "Vavatech.Abc.Infrastructure\Vavatech.Abc.Infrastructure.csproj", "{315F2C64-5104-4973-8B73-0FAC97252FB2}"
EndProject
Project("{FAE04EC0-301F-11D3-BF4B-00C04F79EFBC}") = "Vavatech.Abc.Api", "Vavatech.Abc.Api\Vavatech.Abc.Api.csproj", "{2D2799CD-B2BC-46C7-A638-7257AF7D5868}"
EndProject
Global
	GlobalSection(SolutionConfigurationPlatforms) = preSolution
		Debug|Any CPU = Debug|Any CPU
		Release|Any CPU = Release|Any CPU
	EndGlobalSection
	GlobalSection(ProjectConfigurationPlatforms) = postSolution
		{850CD0AF-6ABD-4151-8F39-5F63026A6D8A}.Debug|Any CPU.ActiveCfg = Debug|Any CPU
		{850CD0AF-6ABD-4151-8F39-5F63026A6D8A}.Debug|Any CPU.Build.0 = Debug|Any CPU
		{850CD0AF-6ABD-4151-8F39-5F63026A6D8A}.Release|Any CPU.ActiveCfg = Release|Any CPU
		{850CD0AF-6ABD-4151-8F39-5F63026A6D8A}.Release|Any CPU.Build.0 = Release|Any CPU
		{315F2C64-5104-4973-8B73-0FAC97252FB2}.Debug|Any CPU.ActiveCfg = Debug|Any CPU
		{315F2C64-5104-4973-8B73-0FAC97252FB2}.Debug|Any CPU.Build.0 = Debug|Any CPU
		{315F2C64-5104-4973-8B73-0FAC97252FB2}.Release|Any CPU.ActiveCfg = Release|Any CPU
		{315F2C64-5104-4973-8B73-0FAC97252FB2}.Release|Any CPU.Build.0 = Release|Any CPU
		{2D2799CD-B2BC-46C7-A638-7257AF7D5868}.Debug|Any CPU.ActiveCfg = Debug|Any CPU
		{2D2799CD-B2BC-46C7-A638-7257AF7D5868}.Debug|Any CPU.Build.0 = Debug|Any CPU
		{2D2799CD-B2BC-46C7-A638-7257AF7D5868}.Release|Any CPU.ActiveCfg = Release|Any CPU
		{2D2799CD-B2BC-46C7-A638-7257AF7D5868}.Release|Any CPU.Build.0 = Release|Any CPU
	EndGlobalSection
	GlobalSection(SolutionProperties) = preSolution
		HideSolutionNode = FALSE
	EndGlobalSection
	GlobalSection(ExtensibilityGlobals) = postSolution
		SolutionGuid = {52393F03-A840-4392-AB92-2639B5A5944D}
	EndGlobalSection
EndGlobal
